
Microsoft Visual Studio Solution File, Format Version 12.00
# Visual Studio 2013
VisualStudioVersion = 12.0.30501.0
MinimumVisualStudioVersion = 10.0.40219.1
Project("{FAE04EC0-301F-11D3-BF4B-00C04F79EFBC}") = "aerogear-windows-push", "aerogear-windows-push\aerogear-windows-push.csproj", "{3440F3A1-5137-4A11-BB14-1267B8307CD1}"
EndProject
Project("{FAE04EC0-301F-11D3-BF4B-00C04F79EFBC}") = "test", "test\test.csproj", "{658A1D59-CAD9-4817-B35E-3A220C9CBFD5}"
EndProject
Global
	GlobalSection(SolutionConfigurationPlatforms) = preSolution
		Debug|Any CPU = Debug|Any CPU
		Debug|ARM = Debug|ARM
		Debug|Mixed Platforms = Debug|Mixed Platforms
		Debug|x86 = Debug|x86
		Release|Any CPU = Release|Any CPU
		Release|ARM = Release|ARM
		Release|Mixed Platforms = Release|Mixed Platforms
		Release|x86 = Release|x86
	EndGlobalSection
	GlobalSection(ProjectConfigurationPlatforms) = postSolution
		{3440F3A1-5137-4A11-BB14-1267B8307CD1}.Debug|Any CPU.ActiveCfg = Debug|Any CPU
		{3440F3A1-5137-4A11-BB14-1267B8307CD1}.Debug|Any CPU.Build.0 = Debug|Any CPU
		{3440F3A1-5137-4A11-BB14-1267B8307CD1}.Debug|ARM.ActiveCfg = Debug|ARM
		{3440F3A1-5137-4A11-BB14-1267B8307CD1}.Debug|ARM.Build.0 = Debug|ARM
		{3440F3A1-5137-4A11-BB14-1267B8307CD1}.Debug|Mixed Platforms.ActiveCfg = Debug|x86
		{3440F3A1-5137-4A11-BB14-1267B8307CD1}.Debug|Mixed Platforms.Build.0 = Debug|x86
		{3440F3A1-5137-4A11-BB14-1267B8307CD1}.Debug|x86.ActiveCfg = Debug|x86
		{3440F3A1-5137-4A11-BB14-1267B8307CD1}.Debug|x86.Build.0 = Debug|x86
		{3440F3A1-5137-4A11-BB14-1267B8307CD1}.Release|Any CPU.ActiveCfg = Release|Any CPU
		{3440F3A1-5137-4A11-BB14-1267B8307CD1}.Release|Any CPU.Build.0 = Release|Any CPU
		{3440F3A1-5137-4A11-BB14-1267B8307CD1}.Release|ARM.ActiveCfg = Release|ARM
		{3440F3A1-5137-4A11-BB14-1267B8307CD1}.Release|ARM.Build.0 = Release|ARM
		{3440F3A1-5137-4A11-BB14-1267B8307CD1}.Release|Mixed Platforms.ActiveCfg = Release|x86
		{3440F3A1-5137-4A11-BB14-1267B8307CD1}.Release|Mixed Platforms.Build.0 = Release|x86
		{3440F3A1-5137-4A11-BB14-1267B8307CD1}.Release|x86.ActiveCfg = Release|x86
		{3440F3A1-5137-4A11-BB14-1267B8307CD1}.Release|x86.Build.0 = Release|x86
		{658A1D59-CAD9-4817-B35E-3A220C9CBFD5}.Debug|Any CPU.ActiveCfg = Debug|x86
		{658A1D59-CAD9-4817-B35E-3A220C9CBFD5}.Debug|ARM.ActiveCfg = Debug|ARM
		{658A1D59-CAD9-4817-B35E-3A220C9CBFD5}.Debug|ARM.Build.0 = Debug|ARM
		{658A1D59-CAD9-4817-B35E-3A220C9CBFD5}.Debug|ARM.Deploy.0 = Debug|ARM
		{658A1D59-CAD9-4817-B35E-3A220C9CBFD5}.Debug|Mixed Platforms.ActiveCfg = Debug|x86
		{658A1D59-CAD9-4817-B35E-3A220C9CBFD5}.Debug|Mixed Platforms.Build.0 = Debug|x86
		{658A1D59-CAD9-4817-B35E-3A220C9CBFD5}.Debug|Mixed Platforms.Deploy.0 = Debug|x86
		{658A1D59-CAD9-4817-B35E-3A220C9CBFD5}.Debug|x86.ActiveCfg = Debug|x86
		{658A1D59-CAD9-4817-B35E-3A220C9CBFD5}.Debug|x86.Build.0 = Debug|x86
		{658A1D59-CAD9-4817-B35E-3A220C9CBFD5}.Debug|x86.Deploy.0 = Debug|x86
		{658A1D59-CAD9-4817-B35E-3A220C9CBFD5}.Release|Any CPU.ActiveCfg = Release|x86
		{658A1D59-CAD9-4817-B35E-3A220C9CBFD5}.Release|ARM.ActiveCfg = Release|ARM
		{658A1D59-CAD9-4817-B35E-3A220C9CBFD5}.Release|ARM.Build.0 = Release|ARM
		{658A1D59-CAD9-4817-B35E-3A220C9CBFD5}.Release|ARM.Deploy.0 = Release|ARM
		{658A1D59-CAD9-4817-B35E-3A220C9CBFD5}.Release|Mixed Platforms.ActiveCfg = Release|x86
		{658A1D59-CAD9-4817-B35E-3A220C9CBFD5}.Release|Mixed Platforms.Build.0 = Release|x86
		{658A1D59-CAD9-4817-B35E-3A220C9CBFD5}.Release|Mixed Platforms.Deploy.0 = Release|x86
		{658A1D59-CAD9-4817-B35E-3A220C9CBFD5}.Release|x86.ActiveCfg = Release|x86
		{658A1D59-CAD9-4817-B35E-3A220C9CBFD5}.Release|x86.Build.0 = Release|x86
		{658A1D59-CAD9-4817-B35E-3A220C9CBFD5}.Release|x86.Deploy.0 = Release|x86
	EndGlobalSection
	GlobalSection(SolutionProperties) = preSolution
		HideSolutionNode = FALSE
	EndGlobalSection
EndGlobal
